
Microsoft Visual Studio Solution File, Format Version 12.00
# Visual Studio Version 17
VisualStudioVersion = 17.9.34723.18
MinimumVisualStudioVersion = 10.0.40219.1
Project("{FAE04EC0-301F-11D3-BF4B-00C04F79EFBC}") = "ExercicioAlfasoft", "ExercicioAlfasoft\ExercicioAlfasoft.csproj", "{42364020-12C2-470A-ADF7-A6775F0BC5E7}"
EndProject
Global
	GlobalSection(SolutionConfigurationPlatforms) = preSolution
		Debug|Any CPU = Debug|Any CPU
		Release|Any CPU = Release|Any CPU
	EndGlobalSection
	GlobalSection(ProjectConfigurationPlatforms) = postSolution
		{42364020-12C2-470A-ADF7-A6775F0BC5E7}.Debug|Any CPU.ActiveCfg = Debug|Any CPU
		{42364020-12C2-470A-ADF7-A6775F0BC5E7}.Debug|Any CPU.Build.0 = Debug|Any CPU
		{42364020-12C2-470A-ADF7-A6775F0BC5E7}.Release|Any CPU.ActiveCfg = Release|Any CPU
		{42364020-12C2-470A-ADF7-A6775F0BC5E7}.Release|Any CPU.Build.0 = Release|Any CPU
	EndGlobalSection
	GlobalSection(SolutionProperties) = preSolution
		HideSolutionNode = FALSE
	EndGlobalSection
	GlobalSection(ExtensibilityGlobals) = postSolution
		SolutionGuid = {1CABC636-B93A-4313-9A07-7FE821E38723}
	EndGlobalSection
EndGlobal
